<?xml version="1.0" encoding="utf-8"?>
<Project ToolsVersion="4.0" xmlns="http://schemas.microsoft.com/developer/msbuild/2003">
  <ItemGroup>
    <ClCompile Include="Application.cpp" />
    <ClCompile Include="src\dependencies\utils\glad.c" />
    <ClCompile Include="src\dependencies\utils\stb_image.cpp" />
    <ClCompile Include="src\game\Game.cpp" />
    <ClCompile Include="src\renderer\Shader.cpp" />
    <ClCompile Include="src\renderer\VertexBuffer.cpp" />
    <ClCompile Include="src\renderer\IndexBuffer.cpp" />
    <ClCompile Include="src\renderer\VertexArray.cpp" />
    <ClCompile Include="src\renderer\Texture.cpp" />
    <ClCompile Include="src\imgui\imgui.cpp" />
    <ClCompile Include="src\imgui\imgui_demo.cpp" />
    <ClCompile Include="src\imgui\imgui_draw.cpp" />
    <ClCompile Include="src\imgui\imgui_impl_glfw.cpp" />
    <ClCompile Include="src\imgui\imgui_impl_opengl3.cpp" />
    <ClCompile Include="src\imgui\imgui_widgets.cpp" />
    <ClCompile Include="src\renderer\Renderer.cpp" />
    <ClCompile Include="src\renderer\Camera.cpp" />
    <ClCompile Include="src\renderer\RenderBuffer.cpp" />
    <ClCompile Include="src\renderer\FrameBuffer.cpp" />
    <ClCompile Include="src\renderer\CubeMapTexture.cpp" />
    <ClCompile Include="src\renderer\MultiSampledTexture.cpp" />
    <ClCompile Include="src\game\Skybox.cpp" />
    <ClCompile Include="src\game\Light.cpp" />
    <ClCompile Include="src\game\DirectionaLight.cpp" />
    <ClCompile Include="src\game\PointLight.cpp" />
    <ClCompile Include="src\game\SpotLight.cpp" />
    <ClCompile Include="src\game\LightManager.cpp" />
  </ItemGroup>
  <ItemGroup>
    <ClInclude Include="src\dependencies\utils\glm_util.h" />
    <ClInclude Include="src\dependencies\utils\stb_image.h" />
    <ClInclude Include="src\game\Game.h" />
    <ClInclude Include="src\renderer\Shader.h" />
    <ClInclude Include="src\renderer\VertexBuffer.h" />
    <ClInclude Include="src\renderer\IndexBuffer.h" />
    <ClInclude Include="src\renderer\Debugger.h" />
    <ClInclude Include="src\renderer\VertexBufferLayout.h" />
    <ClInclude Include="src\renderer\VertexArray.h" />
    <ClInclude Include="src\renderer\Texture.h" />
    <ClInclude Include="src\imgui\imconfig.h" />
    <ClInclude Include="src\imgui\imgui.h" />
    <ClInclude Include="src\imgui\imgui_impl_glfw.h" />
    <ClInclude Include="src\imgui\imgui_impl_opengl3.h" />
    <ClInclude Include="src\imgui\imgui_internal.h" />
    <ClInclude Include="src\imgui\imstb_rectpack.h" />
    <ClInclude Include="src\imgui\imstb_textedit.h" />
    <ClInclude Include="src\imgui\imstb_truetype.h" />
    <ClInclude Include="src\renderer\Renderer.h" />
    <ClInclude Include="src\renderer\Camera.h" />
    <ClInclude Include="src\renderer\enums.h" />
    <ClInclude Include="src\renderer\RenderBuffer.h" />
    <ClInclude Include="src\renderer\FrameBuffer.h" />
    <ClInclude Include="src\renderer\CubeMapTexture.h" />
    <ClInclude Include="src\renderer\MultiSampledTexture.h" />
    <ClInclude Include="src\renderer\Mesh.h" />
    <ClInclude Include="src\renderer\Model.h" />
    <ClInclude Include="src\game\Skybox.h" />
    <ClInclude Include="src\game\Light.h" />
    <ClInclude Include="src\game\DirectionaLight.h" />
    <ClInclude Include="src\game\PointLight.h" />
    <ClInclude Include="src\game\SpotLight.h" />
    <ClInclude Include="src\game\LightManager.h" />
  </ItemGroup>
</Project>